
Microsoft Visual Studio Solution File, Format Version 11.00
# Visual Web Developer Express 2010
Project("{FAE04EC0-301F-11D3-BF4B-00C04F79EFBC}") = "TestBootStrap", "TestBootStrap\TestBootStrap.csproj", "{777D0A7B-D102-4A96-92FA-4BBEEAB11C55}"
EndProject
Global
	GlobalSection(SolutionConfigurationPlatforms) = preSolution
		Debug|Any CPU = Debug|Any CPU
		Release|Any CPU = Release|Any CPU
	EndGlobalSection
	GlobalSection(ProjectConfigurationPlatforms) = postSolution
		{777D0A7B-D102-4A96-92FA-4BBEEAB11C55}.Debug|Any CPU.ActiveCfg = Debug|Any CPU
		{777D0A7B-D102-4A96-92FA-4BBEEAB11C55}.Debug|Any CPU.Build.0 = Debug|Any CPU
		{777D0A7B-D102-4A96-92FA-4BBEEAB11C55}.Release|Any CPU.ActiveCfg = Release|Any CPU
		{777D0A7B-D102-4A96-92FA-4BBEEAB11C55}.Release|Any CPU.Build.0 = Release|Any CPU
	EndGlobalSection
	GlobalSection(SolutionProperties) = preSolution
		HideSolutionNode = FALSE
	EndGlobalSection
EndGlobal
